
Microsoft Visual Studio Solution File, Format Version 12.00
# Visual Studio 15
VisualStudioVersion = 15.0.28010.2026
MinimumVisualStudioVersion = 10.0.40219.1
Project("{FAE04EC0-301F-11D3-BF4B-00C04F79EFBC}") = "TestUseGitHub", "TestUseGitHub\TestUseGitHub.csproj", "{B6B21667-54BD-4DD4-8977-44F3BE3CDA84}"
EndProject
Global
	GlobalSection(SolutionConfigurationPlatforms) = preSolution
		Debug|Any CPU = Debug|Any CPU
		Release|Any CPU = Release|Any CPU
	EndGlobalSection
	GlobalSection(ProjectConfigurationPlatforms) = postSolution
		{B6B21667-54BD-4DD4-8977-44F3BE3CDA84}.Debug|Any CPU.ActiveCfg = Debug|Any CPU
		{B6B21667-54BD-4DD4-8977-44F3BE3CDA84}.Debug|Any CPU.Build.0 = Debug|Any CPU
		{B6B21667-54BD-4DD4-8977-44F3BE3CDA84}.Release|Any CPU.ActiveCfg = Release|Any CPU
		{B6B21667-54BD-4DD4-8977-44F3BE3CDA84}.Release|Any CPU.Build.0 = Release|Any CPU
	EndGlobalSection
	GlobalSection(SolutionProperties) = preSolution
		HideSolutionNode = FALSE
	EndGlobalSection
	GlobalSection(ExtensibilityGlobals) = postSolution
		SolutionGuid = {FA8AFBF4-92EE-45EC-BD4F-3E06CFD95D4D}
	EndGlobalSection
EndGlobal
